# This file is automatically @generated by Cargo.
# It is not intended for manual editing.
version = 3

[[package]]
name = "cr-midi"
version = "0.0.0"
source = "registry+https://github.com/rust-lang/crates.io-index"
checksum = "aa4d934df4fb21ac19c51b742e3e9c041a1b1eb3b0540e2d5a6bead244816898"

[[package]]
name = "cr-midi-cli"
version = "0.0.0"
dependencies = [
 "cr-midi",
]
